
Microsoft Visual Studio Solution File, Format Version 12.00
# Visual Studio Version 17
VisualStudioVersion = 17.6.33815.320
MinimumVisualStudioVersion = 10.0.40219.1
Project("{FAE04EC0-301F-11D3-BF4B-00C04F79EFBC}") = "RunGroupWebApp", "RunGroupWebApp.csproj", "{CED022C8-9A8F-49BA-82BF-CEEE5EF84695}"
EndProject
Global
	GlobalSection(SolutionConfigurationPlatforms) = preSolution
		Debug|Any CPU = Debug|Any CPU
		Release|Any CPU = Release|Any CPU
	EndGlobalSection
	GlobalSection(ProjectConfigurationPlatforms) = postSolution
		{CED022C8-9A8F-49BA-82BF-CEEE5EF84695}.Debug|Any CPU.ActiveCfg = Debug|Any CPU
		{CED022C8-9A8F-49BA-82BF-CEEE5EF84695}.Debug|Any CPU.Build.0 = Debug|Any CPU
		{CED022C8-9A8F-49BA-82BF-CEEE5EF84695}.Release|Any CPU.ActiveCfg = Release|Any CPU
		{CED022C8-9A8F-49BA-82BF-CEEE5EF84695}.Release|Any CPU.Build.0 = Release|Any CPU
	EndGlobalSection
	GlobalSection(SolutionProperties) = preSolution
		HideSolutionNode = FALSE
	EndGlobalSection
	GlobalSection(ExtensibilityGlobals) = postSolution
		SolutionGuid = {B80B004F-C0DA-49E6-A750-B8C84B901FC7}
	EndGlobalSection
EndGlobal
